
Microsoft Visual Studio Solution File, Format Version 12.00
# Visual Studio Version 16
VisualStudioVersion = 16.0.31911.196
MinimumVisualStudioVersion = 10.0.40219.1
Project("{FAE04EC0-301F-11D3-BF4B-00C04F79EFBC}") = "WebApi2Project", "WebApi2Project\WebApi2Project.csproj", "{F360F833-ACEF-4413-BBA9-449C11658397}"
EndProject
Global
	GlobalSection(SolutionConfigurationPlatforms) = preSolution
		Debug|Any CPU = Debug|Any CPU
		Release|Any CPU = Release|Any CPU
	EndGlobalSection
	GlobalSection(ProjectConfigurationPlatforms) = postSolution
		{F360F833-ACEF-4413-BBA9-449C11658397}.Debug|Any CPU.ActiveCfg = Debug|Any CPU
		{F360F833-ACEF-4413-BBA9-449C11658397}.Debug|Any CPU.Build.0 = Debug|Any CPU
		{F360F833-ACEF-4413-BBA9-449C11658397}.Release|Any CPU.ActiveCfg = Release|Any CPU
		{F360F833-ACEF-4413-BBA9-449C11658397}.Release|Any CPU.Build.0 = Release|Any CPU
	EndGlobalSection
	GlobalSection(SolutionProperties) = preSolution
		HideSolutionNode = FALSE
	EndGlobalSection
	GlobalSection(ExtensibilityGlobals) = postSolution
		SolutionGuid = {D7F3FB77-4F07-4561-A297-43F75BD6A3D1}
	EndGlobalSection
EndGlobal
