
Microsoft Visual Studio Solution File, Format Version 12.00
# Visual Studio Version 16
VisualStudioVersion = 16.0.31911.196
MinimumVisualStudioVersion = 10.0.40219.1
Project("{FAE04EC0-301F-11D3-BF4B-00C04F79EFBC}") = "PropTest", "PropTest\PropTest.csproj", "{A09A33AE-56AE-4E1A-BBAC-6F281C0E2C77}"
EndProject
Global
	GlobalSection(SolutionConfigurationPlatforms) = preSolution
		Debug|Any CPU = Debug|Any CPU
		Release|Any CPU = Release|Any CPU
	EndGlobalSection
	GlobalSection(ProjectConfigurationPlatforms) = postSolution
		{A09A33AE-56AE-4E1A-BBAC-6F281C0E2C77}.Debug|Any CPU.ActiveCfg = Debug|Any CPU
		{A09A33AE-56AE-4E1A-BBAC-6F281C0E2C77}.Debug|Any CPU.Build.0 = Debug|Any CPU
		{A09A33AE-56AE-4E1A-BBAC-6F281C0E2C77}.Release|Any CPU.ActiveCfg = Release|Any CPU
		{A09A33AE-56AE-4E1A-BBAC-6F281C0E2C77}.Release|Any CPU.Build.0 = Release|Any CPU
	EndGlobalSection
	GlobalSection(SolutionProperties) = preSolution
		HideSolutionNode = FALSE
	EndGlobalSection
	GlobalSection(ExtensibilityGlobals) = postSolution
		SolutionGuid = {0398E480-4F30-4CC5-BC69-71B13F8B7776}
	EndGlobalSection
EndGlobal
