
Microsoft Visual Studio Solution File, Format Version 12.00
# Visual Studio Version 16
VisualStudioVersion = 16.0.31911.196
MinimumVisualStudioVersion = 10.0.40219.1
Project("{FAE04EC0-301F-11D3-BF4B-00C04F79EFBC}") = "sel", "sel\sel.csproj", "{F27C9C0F-B36F-473D-AD49-FDE03D5FE04B}"
EndProject
Global
	GlobalSection(SolutionConfigurationPlatforms) = preSolution
		Debug|Any CPU = Debug|Any CPU
		Release|Any CPU = Release|Any CPU
	EndGlobalSection
	GlobalSection(ProjectConfigurationPlatforms) = postSolution
		{F27C9C0F-B36F-473D-AD49-FDE03D5FE04B}.Debug|Any CPU.ActiveCfg = Debug|Any CPU
		{F27C9C0F-B36F-473D-AD49-FDE03D5FE04B}.Debug|Any CPU.Build.0 = Debug|Any CPU
		{F27C9C0F-B36F-473D-AD49-FDE03D5FE04B}.Release|Any CPU.ActiveCfg = Release|Any CPU
		{F27C9C0F-B36F-473D-AD49-FDE03D5FE04B}.Release|Any CPU.Build.0 = Release|Any CPU
	EndGlobalSection
	GlobalSection(SolutionProperties) = preSolution
		HideSolutionNode = FALSE
	EndGlobalSection
	GlobalSection(ExtensibilityGlobals) = postSolution
		SolutionGuid = {AC7A706A-7C03-4150-9297-1DD78946F001}
	EndGlobalSection
EndGlobal
