
Microsoft Visual Studio Solution File, Format Version 10.00
# Visual Studio 2008
Project("{FAE04EC0-301F-11D3-BF4B-00C04F79EFBC}") = "Web", "Web\Web.csproj", "{0B93E955-ED1A-4971-806D-6C316903F808}"
EndProject
Project("{FAE04EC0-301F-11D3-BF4B-00C04F79EFBC}") = "Test.Unit", "Test.Unit\Test.Unit.csproj", "{3E650CE7-29C5-4009-BF0F-660FADAE92B9}"
EndProject
Project("{FAE04EC0-301F-11D3-BF4B-00C04F79EFBC}") = "Test.Persistence", "Test.Persistence\Test.Persistence.csproj", "{B60180D2-92F6-4C26-92BC-9F565F031904}"
EndProject
Project("{FAE04EC0-301F-11D3-BF4B-00C04F79EFBC}") = "Test.Integration", "Test.Integration\Test.Integration.csproj", "{654F22D3-A2E1-46BA-9F80-EA3D8ACB3C4E}"
EndProject
Global
	GlobalSection(SolutionConfigurationPlatforms) = preSolution
		Debug|Any CPU = Debug|Any CPU
		Debug|x86 = Debug|x86
		Release|Any CPU = Release|Any CPU
		Release|x86 = Release|x86
	EndGlobalSection
	GlobalSection(ProjectConfigurationPlatforms) = postSolution
		{0B93E955-ED1A-4971-806D-6C316903F808}.Debug|Any CPU.ActiveCfg = Debug|Any CPU
		{0B93E955-ED1A-4971-806D-6C316903F808}.Debug|Any CPU.Build.0 = Debug|Any CPU
		{0B93E955-ED1A-4971-806D-6C316903F808}.Debug|x86.ActiveCfg = Debug|x86
		{0B93E955-ED1A-4971-806D-6C316903F808}.Debug|x86.Build.0 = Debug|x86
		{0B93E955-ED1A-4971-806D-6C316903F808}.Release|Any CPU.ActiveCfg = Release|Any CPU
		{0B93E955-ED1A-4971-806D-6C316903F808}.Release|Any CPU.Build.0 = Release|Any CPU
		{0B93E955-ED1A-4971-806D-6C316903F808}.Release|x86.ActiveCfg = Release|x86
		{0B93E955-ED1A-4971-806D-6C316903F808}.Release|x86.Build.0 = Release|x86
		{3E650CE7-29C5-4009-BF0F-660FADAE92B9}.Debug|Any CPU.ActiveCfg = Debug|Any CPU
		{3E650CE7-29C5-4009-BF0F-660FADAE92B9}.Debug|Any CPU.Build.0 = Debug|Any CPU
		{3E650CE7-29C5-4009-BF0F-660FADAE92B9}.Debug|x86.ActiveCfg = Debug|x86
		{3E650CE7-29C5-4009-BF0F-660FADAE92B9}.Debug|x86.Build.0 = Debug|x86
		{3E650CE7-29C5-4009-BF0F-660FADAE92B9}.Release|Any CPU.ActiveCfg = Release|Any CPU
		{3E650CE7-29C5-4009-BF0F-660FADAE92B9}.Release|Any CPU.Build.0 = Release|Any CPU
		{3E650CE7-29C5-4009-BF0F-660FADAE92B9}.Release|x86.ActiveCfg = Release|x86
		{3E650CE7-29C5-4009-BF0F-660FADAE92B9}.Release|x86.Build.0 = Release|x86
		{B60180D2-92F6-4C26-92BC-9F565F031904}.Debug|Any CPU.ActiveCfg = Debug|Any CPU
		{B60180D2-92F6-4C26-92BC-9F565F031904}.Debug|Any CPU.Build.0 = Debug|Any CPU
		{B60180D2-92F6-4C26-92BC-9F565F031904}.Debug|x86.ActiveCfg = Debug|x86
		{B60180D2-92F6-4C26-92BC-9F565F031904}.Debug|x86.Build.0 = Debug|x86
		{B60180D2-92F6-4C26-92BC-9F565F031904}.Release|Any CPU.ActiveCfg = Release|Any CPU
		{B60180D2-92F6-4C26-92BC-9F565F031904}.Release|Any CPU.Build.0 = Release|Any CPU
		{B60180D2-92F6-4C26-92BC-9F565F031904}.Release|x86.ActiveCfg = Release|x86
		{B60180D2-92F6-4C26-92BC-9F565F031904}.Release|x86.Build.0 = Release|x86
		{654F22D3-A2E1-46BA-9F80-EA3D8ACB3C4E}.Debug|Any CPU.ActiveCfg = Debug|Any CPU
		{654F22D3-A2E1-46BA-9F80-EA3D8ACB3C4E}.Debug|Any CPU.Build.0 = Debug|Any CPU
		{654F22D3-A2E1-46BA-9F80-EA3D8ACB3C4E}.Debug|x86.ActiveCfg = Debug|Any CPU
		{654F22D3-A2E1-46BA-9F80-EA3D8ACB3C4E}.Release|Any CPU.ActiveCfg = Release|Any CPU
		{654F22D3-A2E1-46BA-9F80-EA3D8ACB3C4E}.Release|Any CPU.Build.0 = Release|Any CPU
		{654F22D3-A2E1-46BA-9F80-EA3D8ACB3C4E}.Release|x86.ActiveCfg = Release|Any CPU
	EndGlobalSection
	GlobalSection(SolutionProperties) = preSolution
		HideSolutionNode = FALSE
	EndGlobalSection
EndGlobal
